
Microsoft Visual Studio Solution File, Format Version 12.00
# Visual Studio Version 17
VisualStudioVersion = 17.14.36203.30 d17.14
MinimumVisualStudioVersion = 10.0.40219.1
Project("{888888A0-9F3D-457C-B088-3A5042F75D52}") = "simple calc. in python", "simple calc. in python\simple calc. in python.pyproj", "{1A48CB98-CE74-4D7C-BF39-6481D54C6A58}"
EndProject
Global
	GlobalSection(SolutionConfigurationPlatforms) = preSolution
		Debug|Any CPU = Debug|Any CPU
		Release|Any CPU = Release|Any CPU
	EndGlobalSection
	GlobalSection(ProjectConfigurationPlatforms) = postSolution
		{1A48CB98-CE74-4D7C-BF39-6481D54C6A58}.Debug|Any CPU.ActiveCfg = Debug|Any CPU
		{1A48CB98-CE74-4D7C-BF39-6481D54C6A58}.Release|Any CPU.ActiveCfg = Release|Any CPU
	EndGlobalSection
	GlobalSection(SolutionProperties) = preSolution
		HideSolutionNode = FALSE
	EndGlobalSection
	GlobalSection(ExtensibilityGlobals) = postSolution
		SolutionGuid = {9E8F10D4-8635-4F70-B981-081B3425E928}
	EndGlobalSection
EndGlobal
